// !$*UTF8*$!
{
	archiveVersion = 1;
	classes = {
	};
	objectVersion = 55;
	objects = {

/* Begin PBXBuildFile section */
		80B1D9F62794633400A11432 /* AppDelegate.swift in Sources */ = {isa = PBXBuildFile; fileRef = 80B1D9F52794633400A11432 /* AppDelegate.swift */; };
		80B1D9F82794633400A11432 /* SceneDelegate.swift in Sources */ = {isa = PBXBuildFile; fileRef = 80B1D9F72794633400A11432 /* SceneDelegate.swift */; };
		80B1D9FA2794633400A11432 /* ViewController.swift in Sources */ = {isa = PBXBuildFile; fileRef = 80B1D9F92794633400A11432 /* ViewController.swift */; };
		80B1D9FD2794633400A11432 /* Main.storyboard in Resources */ = {isa = PBXBuildFile; fileRef = 80B1D9FB2794633400A11432 /* Main.storyboard */; };
		80B1D9FF2794633500A11432 /* Assets.xcassets in Resources */ = {isa = PBXBuildFile; fileRef = 80B1D9FE2794633500A11432 /* Assets.xcassets */; };
		80B1DA022794633500A11432 /* LaunchScreen.storyboard in Resources */ = {isa = PBXBuildFile; fileRef = 80B1DA002794633500A11432 /* LaunchScreen.storyboard */; };
		80B1DA0D2794633500A11432 /* UIViewControllerTests.swift in Sources */ = {isa = PBXBuildFile; fileRef = 80B1DA0C2794633500A11432 /* UIViewControllerTests.swift */; };
		80B1DA172794633500A11432 /* UIViewControllerUITests.swift in Sources */ = {isa = PBXBuildFile; fileRef = 80B1DA162794633500A11432 /* UIViewControllerUITests.swift */; };
		80B1DA192794633500A11432 /* UIViewControllerUITestsLaunchTests.swift in Sources */ = {isa = PBXBuildFile; fileRef = 80B1DA182794633500A11432 /* UIViewControllerUITestsLaunchTests.swift */; };
/* End PBXBuildFile section */

/* Begin PBXContainerItemProxy section */
		80B1DA092794633500A11432 /* PBXContainerItemProxy */ = {
			isa = PBXContainerItemProxy;
			containerPortal = 80B1D9EA2794633400A11432 /* Project object */;
			proxyType = 1;
			remoteGlobalIDString = 80B1D9F12794633400A11432;
			remoteInfo = UIViewController;
		};
		80B1DA132794633500A11432 /* PBXContainerItemProxy */ = {
			isa = PBXContainerItemProxy;
			containerPortal = 80B1D9EA2794633400A11432 /* Project object */;
			proxyType = 1;
			remoteGlobalIDString = 80B1D9F12794633400A11432;
			remoteInfo = UIViewController;
		};
/* End PBXContainerItemProxy section */

/* Begin PBXFileReference section */
		80B1D9F22794633400A11432 /* UIViewController.app */ = {isa = PBXFileReference; explicitFileType = wrapper.application; includeInIndex = 0; path = UIViewController.app; sourceTree = BUILT_PRODUCTS_DIR; };
		80B1D9F52794633400A11432 /* AppDelegate.swift */ = {isa = PBXFileReference; lastKnownFileType = sourcecode.swift; path = AppDelegate.swift; sourceTree = "<group>"; };
		80B1D9F72794633400A11432 /* SceneDelegate.swift */ = {isa = PBXFileReference; lastKnownFileType = sourcecode.swift; path = SceneDelegate.swift; sourceTree = "<group>"; };
		80B1D9F92794633400A11432 /* ViewController.swift */ = {isa = PBXFileReference; lastKnownFileType = sourcecode.swift; path = ViewController.swift; sourceTree = "<group>"; };
		80B1D9FC2794633400A11432 /* Base */ = {isa = PBXFileReference; lastKnownFileType = file.storyboard; name = Base; path = Base.lproj/Main.storyboard; sourceTree = "<group>"; };
		80B1D9FE2794633500A11432 /* Assets.xcassets */ = {isa = PBXFileReference; lastKnownFileType = folder.assetcatalog; path = Assets.xcassets; sourceTree = "<group>"; };
		80B1DA012794633500A11432 /* Base */ = {isa = PBXFileReference; lastKnownFileType = file.storyboard; name = Base; path = Base.lproj/LaunchScreen.storyboard; sourceTree = "<group>"; };
		80B1DA032794633500A11432 /* Info.plist */ = {isa = PBXFileReference; lastKnownFileType = text.plist.xml; path = Info.plist; sourceTree = "<group>"; };
		80B1DA082794633500A11432 /* UIViewControllerTests.xctest */ = {isa = PBXFileReference; explicitFileType = wrapper.cfbundle; includeInIndex = 0; path = UIViewControllerTests.xctest; sourceTree = BUILT_PRODUCTS_DIR; };
		80B1DA0C2794633500A11432 /* UIViewControllerTests.swift */ = {isa = PBXFileReference; lastKnownFileType = sourcecode.swift; path = UIViewControllerTests.swift; sourceTree = "<group>"; };
		80B1DA122794633500A11432 /* UIViewControllerUITests.xctest */ = {isa = PBXFileReference; explicitFileType = wrapper.cfbundle; includeInIndex = 0; path = UIViewControllerUITests.xctest; sourceTree = BUILT_PRODUCTS_DIR; };
		80B1DA162794633500A11432 /* UIViewControllerUITests.swift */ = {isa = PBXFileReference; lastKnownFileType = sourcecode.swift; path = UIViewControllerUITests.swift; sourceTree = "<group>"; };
		80B1DA182794633500A11432 /* UIViewControllerUITestsLaunchTests.swift */ = {isa = PBXFileReference; lastKnownFileType = sourcecode.swift; path = UIViewControllerUITestsLaunchTests.swift; sourceTree = "<group>"; };
/* End PBXFileReference section */

/* Begin PBXFrameworksBuildPhase section */
		80B1D9EF2794633400A11432 /* Frameworks */ = {
			isa = PBXFrameworksBuildPhase;
			buildActionMask = 2147483647;
			files = (
			);
			runOnlyForDeploymentPostprocessing = 0;
		};
		80B1DA052794633500A11432 /* Frameworks */ = {
			isa = PBXFrameworksBuildPhase;
			buildActionMask = 2147483647;
			files = (
			);
			runOnlyForDeploymentPostprocessing = 0;
		};
		80B1DA0F2794633500A11432 /* Frameworks */ = {
			isa = PBXFrameworksBuildPhase;
			buildActionMask = 2147483647;
			files = (
			);
			runOnlyForDeploymentPostprocessing = 0;
		};
/* End PBXFrameworksBuildPhase section */

/* Begin PBXGroup section */
		80B1D9E92794633400A11432 = {
			isa = PBXGroup;
			children = (
				80B1D9F42794633400A11432 /* UIViewController */,
				80B1DA0B2794633500A11432 /* UIViewControllerTests */,
				80B1DA152794633500A11432 /* UIViewControllerUITests */,
				80B1D9F32794633400A11432 /* Products */,
			);
			sourceTree = "<group>";
		};
		80B1D9F32794633400A11432 /* Products */ = {
			isa = PBXGroup;
			children = (
				80B1D9F22794633400A11432 /* UIViewController.app */,
				80B1DA082794633500A11432 /* UIViewControllerTests.xctest */,
				80B1DA122794633500A11432 /* UIViewControllerUITests.xctest */,
			);
			name = Products;
			sourceTree = "<group>";
		};
		80B1D9F42794633400A11432 /* UIViewController */ = {
			isa = PBXGroup;
			children = (
				80B1D9F52794633400A11432 /* AppDelegate.swift */,
				80B1D9F72794633400A11432 /* SceneDelegate.swift */,
				80B1D9F92794633400A11432 /* ViewController.swift */,
				80B1D9FB2794633400A11432 /* Main.storyboard */,
				80B1D9FE2794633500A11432 /* Assets.xcassets */,
				80B1DA002794633500A11432 /* LaunchScreen.storyboard */,
				80B1DA032794633500A11432 /* Info.plist */,
			);
			path = UIViewController;
			sourceTree = "<group>";
		};
		80B1DA0B2794633500A11432 /* UIViewControllerTests */ = {
			isa = PBXGroup;
			children = (
				80B1DA0C2794633500A11432 /* UIViewControllerTests.swift */,
			);
			path = UIViewControllerTests;
			sourceTree = "<group>";
		};
		80B1DA152794633500A11432 /* UIViewControllerUITests */ = {
			isa = PBXGroup;
			children = (
				80B1DA162794633500A11432 /* UIViewControllerUITests.swift */,
				80B1DA182794633500A11432 /* UIViewControllerUITestsLaunchTests.swift */,
			);
			path = UIViewControllerUITests;
			sourceTree = "<group>";
		};
/* End PBXGroup section */

/* Begin PBXNativeTarget section */
		80B1D9F12794633400A11432 /* UIViewController */ = {
			isa = PBXNativeTarget;
			buildConfigurationList = 80B1DA1C2794633500A11432 /* Build configuration list for PBXNativeTarget "UIViewController" */;
			buildPhases = (
				80B1D9EE2794633400A11432 /* Sources */,
				80B1D9EF2794633400A11432 /* Frameworks */,
				80B1D9F02794633400A11432 /* Resources */,
			);
			buildRules = (
			);
			dependencies = (
			);
			name = UIViewController;
			productName = UIViewController;
			productReference = 80B1D9F22794633400A11432 /* UIViewController.app */;
			productType = "com.apple.product-type.application";
		};
		80B1DA072794633500A11432 /* UIViewControllerTests */ = {
			isa = PBXNativeTarget;
			buildConfigurationList = 80B1DA1F2794633500A11432 /* Build configuration list for PBXNativeTarget "UIViewControllerTests" */;
			buildPhases = (
				80B1DA042794633500A11432 /* Sources */,
				80B1DA052794633500A11432 /* Frameworks */,
				80B1DA062794633500A11432 /* Resources */,
			);
			buildRules = (
			);
			dependencies = (
				80B1DA0A2794633500A11432 /* PBXTargetDependency */,
			);
			name = UIViewControllerTests;
			productName = UIViewControllerTests;
			productReference = 80B1DA082794633500A11432 /* UIViewControllerTests.xctest */;
			productType = "com.apple.product-type.bundle.unit-test";
		};
		80B1DA112794633500A11432 /* UIViewControllerUITests */ = {
			isa = PBXNativeTarget;
			buildConfigurationList = 80B1DA222794633500A11432 /* Build configuration list for PBXNativeTarget "UIViewControllerUITests" */;
			buildPhases = (
				80B1DA0E2794633500A11432 /* Sources */,
				80B1DA0F2794633500A11432 /* Frameworks */,
				80B1DA102794633500A11432 /* Resources */,
			);
			buildRules = (
			);
			dependencies = (
				80B1DA142794633500A11432 /* PBXTargetDependency */,
			);
			name = UIViewControllerUITests;
			productName = UIViewControllerUITests;
			productReference = 80B1DA122794633500A11432 /* UIViewControllerUITests.xctest */;
			productType = "com.apple.product-type.bundle.ui-testing";
		};
/* End PBXNativeTarget section */

/* Begin PBXProject section */
		80B1D9EA2794633400A11432 /* Project object */ = {
			isa = PBXProject;
			attributes = {
				BuildIndependentTargetsInParallel = 1;
				LastSwiftUpdateCheck = 1320;
				LastUpgradeCheck = 1320;
				TargetAttributes = {
					80B1D9F12794633400A11432 = {
						CreatedOnToolsVersion = 13.2.1;
					};
					80B1DA072794633500A11432 = {
						CreatedOnToolsVersion = 13.2.1;
						TestTargetID = 80B1D9F12794633400A11432;
					};
					80B1DA112794633500A11432 = {
						CreatedOnToolsVersion = 13.2.1;
						TestTargetID = 80B1D9F12794633400A11432;
					};
				};
			};
			buildConfigurationList = 80B1D9ED2794633400A11432 /* Build configuration list for PBXProject "UIViewController" */;
			compatibilityVersion = "Xcode 13.0";
			developmentRegion = en;
			hasScannedForEncodings = 0;
			knownRegions = (
				en,
				Base,
			);
			mainGroup = 80B1D9E92794633400A11432;
			productRefGroup = 80B1D9F32794633400A11432 /* Products */;
			projectDirPath = "";
			projectRoot = "";
			targets = (
				80B1D9F12794633400A11432 /* UIViewController */,
				80B1DA072794633500A11432 /* UIViewControllerTests */,
				80B1DA112794633500A11432 /* UIViewControllerUITests */,
			);
		};
/* End PBXProject section */

/* Begin PBXResourcesBuildPhase section */
		80B1D9F02794633400A11432 /* Resources */ = {
			isa = PBXResourcesBuildPhase;
			buildActionMask = 2147483647;
			files = (
				80B1DA022794633500A11432 /* LaunchScreen.storyboard in Resources */,
				80B1D9FF2794633500A11432 /* Assets.xcassets in Resources */,
				80B1D9FD2794633400A11432 /* Main.storyboard in Resources */,
			);
			runOnlyForDeploymentPostprocessing = 0;
		};
		80B1DA062794633500A11432 /* Resources */ = {
			isa = PBXResourcesBuildPhase;
			buildActionMask = 2147483647;
			files = (
			);
			runOnlyForDeploymentPostprocessing = 0;
		};
		80B1DA102794633500A11432 /* Resources */ = {
			isa = PBXResourcesBuildPhase;
			buildActionMask = 2147483647;
			files = (
			);
			runOnlyForDeploymentPostprocessing = 0;
		};
/* End PBXResourcesBuildPhase section */

/* Begin PBXSourcesBuildPhase section */
		80B1D9EE2794633400A11432 /* Sources */ = {
			isa = PBXSourcesBuildPhase;
			buildActionMask = 2147483647;
			files = (
				80B1D9FA2794633400A11432 /* ViewController.swift in Sources */,
				80B1D9F62794633400A11432 /* AppDelegate.swift in Sources */,
				80B1D9F82794633400A11432 /* SceneDelegate.swift in Sources */,
			);
			runOnlyForDeploymentPostprocessing = 0;
		};
		80B1DA042794633500A11432 /* Sources */ = {
			isa = PBXSourcesBuildPhase;
			buildActionMask = 2147483647;
			files = (
				80B1DA0D2794633500A11432 /* UIViewControllerTests.swift in Sources */,
			);
			runOnlyForDeploymentPostprocessing = 0;
		};
		80B1DA0E2794633500A11432 /* Sources */ = {
			isa = PBXSourcesBuildPhase;
			buildActionMask = 2147483647;
			files = (
				80B1DA172794633500A11432 /* UIViewControllerUITests.swift in Sources */,
				80B1DA192794633500A11432 /* UIViewControllerUITestsLaunchTests.swift in Sources */,
			);
			runOnlyForDeploymentPostprocessing = 0;
		};
/* End PBXSourcesBuildPhase section */

/* Begin PBXTargetDependency section */
		80B1DA0A2794633500A11432 /* PBXTargetDependency */ = {
			isa = PBXTargetDependency;
			target = 80B1D9F12794633400A11432 /* UIViewController */;
			targetProxy = 80B1DA092794633500A11432 /* PBXContainerItemProxy */;
		};
		80B1DA142794633500A11432 /* PBXTargetDependency */ = {
			isa = PBXTargetDependency;
			target = 80B1D9F12794633400A11432 /* UIViewController */;
			targetProxy = 80B1DA132794633500A11432 /* PBXContainerItemProxy */;
		};
/* End PBXTargetDependency section */

/* Begin PBXVariantGroup section */
		80B1D9FB2794633400A11432 /* Main.storyboard */ = {
			isa = PBXVariantGroup;
			children = (
				80B1D9FC2794633400A11432 /* Base */,
			);
			name = Main.storyboard;
			sourceTree = "<group>";
		};
		80B1DA002794633500A11432 /* LaunchScreen.storyboard */ = {
			isa = PBXVariantGroup;
			children = (
				80B1DA012794633500A11432 /* Base */,
			);
			name = LaunchScreen.storyboard;
			sourceTree = "<group>";
		};
/* End PBXVariantGroup section */

/* Begin XCBuildConfiguration section */
		80B1DA1A2794633500A11432 /* Debug */ = {
			isa = XCBuildConfiguration;
			buildSettings = {
				ALWAYS_SEARCH_USER_PATHS = NO;
				CLANG_ANALYZER_NONNULL = YES;
				CLANG_ANALYZER_NUMBER_OBJECT_CONVERSION = YES_AGGRESSIVE;
				CLANG_CXX_LANGUAGE_STANDARD = "gnu++17";
				CLANG_CXX_LIBRARY = "libc++";
				CLANG_ENABLE_MODULES = YES;
				CLANG_ENABLE_OBJC_ARC = YES;
				CLANG_ENABLE_OBJC_WEAK = YES;
				CLANG_WARN_BLOCK_CAPTURE_AUTORELEASING = YES;
				CLANG_WARN_BOOL_CONVERSION = YES;
				CLANG_WARN_COMMA = YES;
				CLANG_WARN_CONSTANT_CONVERSION = YES;
				CLANG_WARN_DEPRECATED_OBJC_IMPLEMENTATIONS = YES;
				CLANG_WARN_DIRECT_OBJC_ISA_USAGE = YES_ERROR;
				CLANG_WARN_DOCUMENTATION_COMMENTS = YES;
				CLANG_WARN_EMPTY_BODY = YES;
				CLANG_WARN_ENUM_CONVERSION = YES;
				CLANG_WARN_INFINITE_RECURSION = YES;
				CLANG_WARN_INT_CONVERSION = YES;
				CLANG_WARN_NON_LITERAL_NULL_CONVERSION = YES;
				CLANG_WARN_OBJC_IMPLICIT_RETAIN_SELF = YES;
				CLANG_WARN_OBJC_LITERAL_CONVERSION = YES;
				CLANG_WARN_OBJC_ROOT_CLASS = YES_ERROR;
				CLANG_WARN_QUOTED_INCLUDE_IN_FRAMEWORK_HEADER = YES;
				CLANG_WARN_RANGE_LOOP_ANALYSIS = YES;
				CLANG_WARN_STRICT_PROTOTYPES = YES;
				CLANG_WARN_SUSPICIOUS_MOVE = YES;
				CLANG_WARN_UNGUARDED_AVAILABILITY = YES_AGGRESSIVE;
				CLANG_WARN_UNREACHABLE_CODE = YES;
				CLANG_WARN__DUPLICATE_METHOD_MATCH = YES;
				COPY_PHASE_STRIP = NO;
				DEBUG_INFORMATION_FORMAT = dwarf;
				ENABLE_STRICT_OBJC_MSGSEND = YES;
				ENABLE_TESTABILITY = YES;
				GCC_C_LANGUAGE_STANDARD = gnu11;
				GCC_DYNAMIC_NO_PIC = NO;
				GCC_NO_COMMON_BLOCKS = YES;
				GCC_OPTIMIZATION_LEVEL = 0;
				GCC_PREPROCESSOR_DEFINITIONS = (
					"DEBUG=1",
					"$(inherited)",
				);
				GCC_WARN_64_TO_32_BIT_CONVERSION = YES;
				GCC_WARN_ABOUT_RETURN_TYPE = YES_ERROR;
				GCC_WARN_UNDECLARED_SELECTOR = YES;
				GCC_WARN_UNINITIALIZED_AUTOS = YES_AGGRESSIVE;
				GCC_WARN_UNUSED_FUNCTION = YES;
				GCC_WARN_UNUSED_VARIABLE = YES;
				IPHONEOS_DEPLOYMENT_TARGET = 15.2;
				MTL_ENABLE_DEBUG_INFO = INCLUDE_SOURCE;
				MTL_FAST_MATH = YES;
				ONLY_ACTIVE_ARCH = YES;
				SDKROOT = iphoneos;
				SWIFT_ACTIVE_COMPILATION_CONDITIONS = DEBUG;
				SWIFT_OPTIMIZATION_LEVEL = "-Onone";
			};
			name = Debug;
		};
		80B1DA1B2794633500A11432 /* Release */ = {
			isa = XCBuildConfiguration;
			buildSettings = {
				ALWAYS_SEARCH_USER_PATHS = NO;
				CLANG_ANALYZER_NONNULL = YES;
				CLANG_ANALYZER_NUMBER_OBJECT_CONVERSION = YES_AGGRESSIVE;
				CLANG_CXX_LANGUAGE_STANDARD = "gnu++17";
				CLANG_CXX_LIBRARY = "libc++";
				CLANG_ENABLE_MODULES = YES;
				CLANG_ENABLE_OBJC_ARC = YES;
				CLANG_ENABLE_OBJC_WEAK = YES;
				CLANG_WARN_BLOCK_CAPTURE_AUTORELEASING = YES;
				CLANG_WARN_BOOL_CONVERSION = YES;
				CLANG_WARN_COMMA = YES;
				CLANG_WARN_CONSTANT_CONVERSION = YES;
				CLANG_WARN_DEPRECATED_OBJC_IMPLEMENTATIONS = YES;
				CLANG_WARN_DIRECT_OBJC_ISA_USAGE = YES_ERROR;
				CLANG_WARN_DOCUMENTATION_COMMENTS = YES;
				CLANG_WARN_EMPTY_BODY = YES;
				CLANG_WARN_ENUM_CONVERSION = YES;
				CLANG_WARN_INFINITE_RECURSION = YES;
				CLANG_WARN_INT_CONVERSION = YES;
				CLANG_WARN_NON_LITERAL_NULL_CONVERSION = YES;
				CLANG_WARN_OBJC_IMPLICIT_RETAIN_SELF = YES;
				CLANG_WARN_OBJC_LITERAL_CONVERSION = YES;
				CLANG_WARN_OBJC_ROOT_CLASS = YES_ERROR;
				CLANG_WARN_QUOTED_INCLUDE_IN_FRAMEWORK_HEADER = YES;
				CLANG_WARN_RANGE_LOOP_ANALYSIS = YES;
				CLANG_WARN_STRICT_PROTOTYPES = YES;
				CLANG_WARN_SUSPICIOUS_MOVE = YES;
				CLANG_WARN_UNGUARDED_AVAILABILITY = YES_AGGRESSIVE;
				CLANG_WARN_UNREACHABLE_CODE = YES;
				CLANG_WARN__DUPLICATE_METHOD_MATCH = YES;
				COPY_PHASE_STRIP = NO;
				DEBUG_INFORMATION_FORMAT = "dwarf-with-dsym";
				ENABLE_NS_ASSERTIONS = NO;
				ENABLE_STRICT_OBJC_MSGSEND = YES;
				GCC_C_LANGUAGE_STANDARD = gnu11;
				GCC_NO_COMMON_BLOCKS = YES;
				GCC_WARN_64_TO_32_BIT_CONVERSION = YES;
				GCC_WARN_ABOUT_RETURN_TYPE = YES_ERROR;
				GCC_WARN_UNDECLARED_SELECTOR = YES;
				GCC_WARN_UNINITIALIZED_AUTOS = YES_AGGRESSIVE;
				GCC_WARN_UNUSED_FUNCTION = YES;
				GCC_WARN_UNUSED_VARIABLE = YES;
				IPHONEOS_DEPLOYMENT_TARGET = 15.2;
				MTL_ENABLE_DEBUG_INFO = NO;
				MTL_FAST_MATH = YES;
				SDKROOT = iphoneos;
				SWIFT_COMPILATION_MODE = wholemodule;
				SWIFT_OPTIMIZATION_LEVEL = "-O";
				VALIDATE_PRODUCT = YES;
			};
			name = Release;
		};
		80B1DA1D2794633500A11432 /* Debug */ = {
			isa = XCBuildConfiguration;
			buildSettings = {
				ASSETCATALOG_COMPILER_APPICON_NAME = AppIcon;
				ASSETCATALOG_COMPILER_GLOBAL_ACCENT_COLOR_NAME = AccentColor;
				CODE_SIGN_STYLE = Automatic;
				CURRENT_PROJECT_VERSION = 1;
				GENERATE_INFOPLIST_FILE = YES;
				INFOPLIST_FILE = UIViewController/Info.plist;
				INFOPLIST_KEY_UIApplicationSupportsIndirectInputEvents = YES;
				INFOPLIST_KEY_UILaunchStoryboardName = LaunchScreen;
				INFOPLIST_KEY_UIMainStoryboardFile = Main;
				INFOPLIST_KEY_UISupportedInterfaceOrientations_iPad = "UIInterfaceOrientationPortrait UIInterfaceOrientationPortraitUpsideDown UIInterfaceOrientationLandscapeLeft UIInterfaceOrientationLandscapeRight";
				INFOPLIST_KEY_UISupportedInterfaceOrientations_iPhone = "UIInterfaceOrientationPortrait UIInterfaceOrientationLandscapeLeft UIInterfaceOrientationLandscapeRight";
				LD_RUNPATH_SEARCH_PATHS = (
					"$(inherited)",
					"@executable_path/Frameworks",
				);
				MARKETING_VERSION = 1.0;
				PRODUCT_BUNDLE_IDENTIFIER = yunusoktay.UIViewController;
				PRODUCT_NAME = "$(TARGET_NAME)";
				SWIFT_EMIT_LOC_STRINGS = YES;
				SWIFT_VERSION = 5.0;
				TARGETED_DEVICE_FAMILY = "1,2";
			};
			name = Debug;
		};
		80B1DA1E2794633500A11432 /* Release */ = {
			isa = XCBuildConfiguration;
			buildSettings = {
				ASSETCATALOG_COMPILER_APPICON_NAME = AppIcon;
				ASSETCATALOG_COMPILER_GLOBAL_ACCENT_COLOR_NAME = AccentColor;
				CODE_SIGN_STYLE = Automatic;
				CURRENT_PROJECT_VERSION = 1;
				GENERATE_INFOPLIST_FILE = YES;
				INFOPLIST_FILE = UIViewController/Info.plist;
				INFOPLIST_KEY_UIApplicationSupportsIndirectInputEvents = YES;
				INFOPLIST_KEY_UILaunchStoryboardName = LaunchScreen;
				INFOPLIST_KEY_UIMainStoryboardFile = Main;
				INFOPLIST_KEY_UISupportedInterfaceOrientations_iPad = "UIInterfaceOrientationPortrait UIInterfaceOrientationPortraitUpsideDown UIInterfaceOrientationLandscapeLeft UIInterfaceOrientationLandscapeRight";
				INFOPLIST_KEY_UISupportedInterfaceOrientations_iPhone = "UIInterfaceOrientationPortrait UIInterfaceOrientationLandscapeLeft UIInterfaceOrientationLandscapeRight";
				LD_RUNPATH_SEARCH_PATHS = (
					"$(inherited)",
					"@executable_path/Frameworks",
				);
				MARKETING_VERSION = 1.0;
				PRODUCT_BUNDLE_IDENTIFIER = yunusoktay.UIViewController;
				PRODUCT_NAME = "$(TARGET_NAME)";
				SWIFT_EMIT_LOC_STRINGS = YES;
				SWIFT_VERSION = 5.0;
				TARGETED_DEVICE_FAMILY = "1,2";
			};
			name = Release;
		};
		80B1DA202794633500A11432 /* Debug */ = {
			isa = XCBuildConfiguration;
			buildSettings = {
				ALWAYS_EMBED_SWIFT_STANDARD_LIBRARIES = YES;
				BUNDLE_LOADER = "$(TEST_HOST)";
				CODE_SIGN_STYLE = Automatic;
				CURRENT_PROJECT_VERSION = 1;
				GENERATE_INFOPLIST_FILE = YES;
				IPHONEOS_DEPLOYMENT_TARGET = 15.2;
				MARKETING_VERSION = 1.0;
				PRODUCT_BUNDLE_IDENTIFIER = yunusoktay.UIViewControllerTests;
				PRODUCT_NAME = "$(TARGET_NAME)";
				SWIFT_EMIT_LOC_STRINGS = NO;
				SWIFT_VERSION = 5.0;
				TARGETED_DEVICE_FAMILY = "1,2";
				TEST_HOST = "$(BUILT_PRODUCTS_DIR)/UIViewController.app/UIViewController";
			};
			name = Debug;
		};
		80B1DA212794633500A11432 /* Release */ = {
			isa = XCBuildConfiguration;
			buildSettings = {
				ALWAYS_EMBED_SWIFT_STANDARD_LIBRARIES = YES;
				BUNDLE_LOADER = "$(TEST_HOST)";
				CODE_SIGN_STYLE = Automatic;
				CURRENT_PROJECT_VERSION = 1;
				GENERATE_INFOPLIST_FILE = YES;
				IPHONEOS_DEPLOYMENT_TARGET = 15.2;
				MARKETING_VERSION = 1.0;
				PRODUCT_BUNDLE_IDENTIFIER = yunusoktay.UIViewControllerTests;
				PRODUCT_NAME = "$(TARGET_NAME)";
				SWIFT_EMIT_LOC_STRINGS = NO;
				SWIFT_VERSION = 5.0;
				TARGETED_DEVICE_FAMILY = "1,2";
				TEST_HOST = "$(BUILT_PRODUCTS_DIR)/UIViewController.app/UIViewController";
			};
			name = Release;
		};
		80B1DA232794633500A11432 /* Debug */ = {
			isa = XCBuildConfiguration;
			buildSettings = {
				ALWAYS_EMBED_SWIFT_STANDARD_LIBRARIES = YES;
				CODE_SIGN_STYLE = Automatic;
				CURRENT_PROJECT_VERSION = 1;
				GENERATE_INFOPLIST_FILE = YES;
				MARKETING_VERSION = 1.0;
				PRODUCT_BUNDLE_IDENTIFIER = yunusoktay.UIViewControllerUITests;
				PRODUCT_NAME = "$(TARGET_NAME)";
				SWIFT_EMIT_LOC_STRINGS = NO;
				SWIFT_VERSION = 5.0;
				TARGETED_DEVICE_FAMILY = "1,2";
				TEST_TARGET_NAME = UIViewController;
			};
			name = Debug;
		};
		80B1DA242794633500A11432 /* Release */ = {
			isa = XCBuildConfiguration;
			buildSettings = {
				ALWAYS_EMBED_SWIFT_STANDARD_LIBRARIES = YES;
				CODE_SIGN_STYLE = Automatic;
				CURRENT_PROJECT_VERSION = 1;
				GENERATE_INFOPLIST_FILE = YES;
				MARKETING_VERSION = 1.0;
				PRODUCT_BUNDLE_IDENTIFIER = yunusoktay.UIViewControllerUITests;
				PRODUCT_NAME = "$(TARGET_NAME)";
				SWIFT_EMIT_LOC_STRINGS = NO;
				SWIFT_VERSION = 5.0;
				TARGETED_DEVICE_FAMILY = "1,2";
				TEST_TARGET_NAME = UIViewController;
			};
			name = Release;
		};
/* End XCBuildConfiguration section */

/* Begin XCConfigurationList section */
		80B1D9ED2794633400A11432 /* Build configuration list for PBXProject "UIViewController" */ = {
			isa = XCConfigurationList;
			buildConfigurations = (
				80B1DA1A2794633500A11432 /* Debug */,
				80B1DA1B2794633500A11432 /* Release */,
			);
			defaultConfigurationIsVisible = 0;
			defaultConfigurationName = Release;
		};
		80B1DA1C2794633500A11432 /* Build configuration list for PBXNativeTarget "UIViewController" */ = {
			isa = XCConfigurationList;
			buildConfigurations = (
				80B1DA1D2794633500A11432 /* Debug */,
				80B1DA1E2794633500A11432 /* Release */,
			);
			defaultConfigurationIsVisible = 0;
			defaultConfigurationName = Release;
		};
		80B1DA1F2794633500A11432 /* Build configuration list for PBXNativeTarget "UIViewControllerTests" */ = {
			isa = XCConfigurationList;
			buildConfigurations = (
				80B1DA202794633500A11432 /* Debug */,
				80B1DA212794633500A11432 /* Release */,
			);
			defaultConfigurationIsVisible = 0;
			defaultConfigurationName = Release;
		};
		80B1DA222794633500A11432 /* Build configuration list for PBXNativeTarget "UIViewControllerUITests" */ = {
			isa = XCConfigurationList;
			buildConfigurations = (
				80B1DA232794633500A11432 /* Debug */,
				80B1DA242794633500A11432 /* Release */,
			);
			defaultConfigurationIsVisible = 0;
			defaultConfigurationName = Release;
		};
/* End XCConfigurationList section */
	};
	rootObject = 80B1D9EA2794633400A11432 /* Project object */;
}
